
Microsoft Visual Studio Solution File, Format Version 12.00
Project("{FAE04EC0-301F-11D3-BF4B-00C04F79EFBC}") = "RoomResizer", "RoomResizer.csproj", "{F88B5CAF-A62D-4F88-A1F0-5F7E00A404FB}"
EndProject
Global
	GlobalSection(SolutionConfigurationPlatforms) = preSolution
		Debug|Any CPU = Debug|Any CPU
		Release|Any CPU = Release|Any CPU
	EndGlobalSection
	GlobalSection(ProjectConfigurationPlatforms) = postSolution
		{F88B5CAF-A62D-4F88-A1F0-5F7E00A404FB}.Debug|Any CPU.ActiveCfg = Debug|Any CPU
		{F88B5CAF-A62D-4F88-A1F0-5F7E00A404FB}.Debug|Any CPU.Build.0 = Debug|Any CPU
		{F88B5CAF-A62D-4F88-A1F0-5F7E00A404FB}.Release|Any CPU.ActiveCfg = Release|Any CPU
		{F88B5CAF-A62D-4F88-A1F0-5F7E00A404FB}.Release|Any CPU.Build.0 = Release|Any CPU
	EndGlobalSection
EndGlobal
